
Microsoft Visual Studio Solution File, Format Version 12.00
# Visual Studio Version 17
VisualStudioVersion = 17.6.33829.357
MinimumVisualStudioVersion = 10.0.40219.1
Project("{FAE04EC0-301F-11D3-BF4B-00C04F79EFBC}") = "ConfluentisEmailApp", "ConfluentisEmailApp\ConfluentisEmailApp.csproj", "{9935ED9D-047E-4A6F-8743-5531C27E762E}"
EndProject
Project("{FAE04EC0-301F-11D3-BF4B-00C04F79EFBC}") = "EmailManager", "EmailManager\EmailManager.csproj", "{1AA10537-44C1-48B8-9C76-9B829DCB7F3D}"
EndProject
Project("{FAE04EC0-301F-11D3-BF4B-00C04F79EFBC}") = "DataTypeObject", "DataTypeObject\DataTypeObject.csproj", "{B932DD90-FB8A-4CBD-BCA9-653B67616BD4}"
EndProject
Global
	GlobalSection(SolutionConfigurationPlatforms) = preSolution
		Debug|Any CPU = Debug|Any CPU
		Release|Any CPU = Release|Any CPU
	EndGlobalSection
	GlobalSection(ProjectConfigurationPlatforms) = postSolution
		{9935ED9D-047E-4A6F-8743-5531C27E762E}.Debug|Any CPU.ActiveCfg = Debug|Any CPU
		{9935ED9D-047E-4A6F-8743-5531C27E762E}.Debug|Any CPU.Build.0 = Debug|Any CPU
		{9935ED9D-047E-4A6F-8743-5531C27E762E}.Release|Any CPU.ActiveCfg = Release|Any CPU
		{9935ED9D-047E-4A6F-8743-5531C27E762E}.Release|Any CPU.Build.0 = Release|Any CPU
		{1AA10537-44C1-48B8-9C76-9B829DCB7F3D}.Debug|Any CPU.ActiveCfg = Debug|Any CPU
		{1AA10537-44C1-48B8-9C76-9B829DCB7F3D}.Debug|Any CPU.Build.0 = Debug|Any CPU
		{1AA10537-44C1-48B8-9C76-9B829DCB7F3D}.Release|Any CPU.ActiveCfg = Release|Any CPU
		{1AA10537-44C1-48B8-9C76-9B829DCB7F3D}.Release|Any CPU.Build.0 = Release|Any CPU
		{B932DD90-FB8A-4CBD-BCA9-653B67616BD4}.Debug|Any CPU.ActiveCfg = Debug|Any CPU
		{B932DD90-FB8A-4CBD-BCA9-653B67616BD4}.Debug|Any CPU.Build.0 = Debug|Any CPU
		{B932DD90-FB8A-4CBD-BCA9-653B67616BD4}.Release|Any CPU.ActiveCfg = Release|Any CPU
		{B932DD90-FB8A-4CBD-BCA9-653B67616BD4}.Release|Any CPU.Build.0 = Release|Any CPU
	EndGlobalSection
	GlobalSection(SolutionProperties) = preSolution
		HideSolutionNode = FALSE
	EndGlobalSection
	GlobalSection(ExtensibilityGlobals) = postSolution
		SolutionGuid = {3100445C-7DA3-4255-B085-E61FF814A769}
	EndGlobalSection
EndGlobal
